
Microsoft Visual Studio Solution File, Format Version 12.00
# Visual Studio Version 17
VisualStudioVersion = 17.0.31903.59
MinimumVisualStudioVersion = 10.0.40219.1
Project("{2150E333-8FDC-42A3-9474-1A3956D46DE8}") = "src", "src", "{827E0CD3-B72D-47B6-A68D-7590B98EB39B}"
EndProject
Project("{2150E333-8FDC-42A3-9474-1A3956D46DE8}") = "Domain", "Domain", "{8B290487-4C16-E85E-E807-F579CBE9FC4D}"
EndProject
Project("{FAE04EC0-301F-11D3-BF4B-00C04F79EFBC}") = "Work-IA.Domain", "src\Domain\Work-IA.Domain\Work-IA.Domain.csproj", "{34205521-ADDD-4C05-94DE-1D5FFCF571AD}"
EndProject
Project("{FAE04EC0-301F-11D3-BF4B-00C04F79EFBC}") = "Work-IA.Application", "src\Application\Work-IA.Application\Work-IA.Application.csproj", "{2E7C6472-8379-4AD5-BCFD-C636177514BA}"
EndProject
Project("{FAE04EC0-301F-11D3-BF4B-00C04F79EFBC}") = "Work-IA.Infrastructure", "src\Infrastructure\Work-IA.Infrastructure\Work-IA.Infrastructure.csproj", "{C6E020DC-8842-4E40-BF15-62AE47E16633}"
EndProject
Project("{FAE04EC0-301F-11D3-BF4B-00C04F79EFBC}") = "Work-IA.WebApi", "src\Presentation\Work-IA.WebApi\Work-IA.WebApi.csproj", "{1EB57C9A-3C17-4851-A794-390B5B41409F}"
EndProject
Project("{FAE04EC0-301F-11D3-BF4B-00C04F79EFBC}") = "Work-IA.CLI", "src\Presentation\Work-IA.CLI\Work-IA.CLI.csproj", "{2AD5D079-257D-4AC4-BEA8-BF252DC687D8}"
EndProject
Project("{2150E333-8FDC-42A3-9474-1A3956D46DE8}") = "Application", "Application", "{22BAF98C-8415-17C4-B26A-D537657BC863}"
EndProject
Project("{2150E333-8FDC-42A3-9474-1A3956D46DE8}") = "Infrastructure", "Infrastructure", "{9048EB7F-3875-A59E-E36B-5BD4C6F2A282}"
EndProject
Project("{2150E333-8FDC-42A3-9474-1A3956D46DE8}") = "Presentation", "Presentation", "{6996BBF7-DB31-59BC-C7DD-9A7CCC6138C4}"
EndProject
Project("{FAE04EC0-301F-11D3-BF4B-00C04F79EFBC}") = "Work-IA.BlazorDashboard", "src\Presentation\Work-IA.BlazorDashboard\Work-IA.BlazorDashboard.csproj", "{71FD165D-C7D1-40AD-8EE7-6A7BFC2836C0}"
EndProject
Project("{2150E333-8FDC-42A3-9474-1A3956D46DE8}") = "tests", "tests", "{0AB3BF05-4346-4AA6-1389-037BE0695223}"
EndProject
Project("{FAE04EC0-301F-11D3-BF4B-00C04F79EFBC}") = "Work-IA.Domain.Tests", "tests\Work-IA.Domain.Tests\Work-IA.Domain.Tests.csproj", "{462B1E7F-5748-4B9F-BFF3-7AD8B6776F07}"
EndProject
Project("{FAE04EC0-301F-11D3-BF4B-00C04F79EFBC}") = "Work-IA.Application.Tests", "tests\Work-IA.Application.Tests\Work-IA.Application.Tests.csproj", "{9089C512-56AA-4930-9162-5187342336FA}"
EndProject
Project("{FAE04EC0-301F-11D3-BF4B-00C04F79EFBC}") = "Work-IA.Infrastructure.Tests", "tests\Work-IA.Infrastructure.Tests\Work-IA.Infrastructure.Tests.csproj", "{719CD8BF-26AB-4A60-9223-9877A1401269}"
EndProject
Project("{2150E333-8FDC-42A3-9474-1A3956D46DE8}") = "Aspire", "Aspire", "{52BF7FB6-37FF-5100-EFD1-124EFF302675}"
EndProject
Project("{FAE04EC0-301F-11D3-BF4B-00C04F79EFBC}") = "Work-IA.ServiceDefaults", "src\Aspire\Work-IA.ServiceDefaults\Work-IA.ServiceDefaults.csproj", "{B5481E1D-3C5E-4F07-A509-74F7331CB9B6}"
EndProject
Global
	GlobalSection(SolutionConfigurationPlatforms) = preSolution
		Debug|Any CPU = Debug|Any CPU
		Debug|x64 = Debug|x64
		Debug|x86 = Debug|x86
		Release|Any CPU = Release|Any CPU
		Release|x64 = Release|x64
		Release|x86 = Release|x86
	EndGlobalSection
	GlobalSection(ProjectConfigurationPlatforms) = postSolution
		{34205521-ADDD-4C05-94DE-1D5FFCF571AD}.Debug|Any CPU.ActiveCfg = Debug|Any CPU
		{34205521-ADDD-4C05-94DE-1D5FFCF571AD}.Debug|Any CPU.Build.0 = Debug|Any CPU
		{34205521-ADDD-4C05-94DE-1D5FFCF571AD}.Debug|x64.ActiveCfg = Debug|Any CPU
		{34205521-ADDD-4C05-94DE-1D5FFCF571AD}.Debug|x64.Build.0 = Debug|Any CPU
		{34205521-ADDD-4C05-94DE-1D5FFCF571AD}.Debug|x86.ActiveCfg = Debug|Any CPU
		{34205521-ADDD-4C05-94DE-1D5FFCF571AD}.Debug|x86.Build.0 = Debug|Any CPU
		{34205521-ADDD-4C05-94DE-1D5FFCF571AD}.Release|Any CPU.ActiveCfg = Release|Any CPU
		{34205521-ADDD-4C05-94DE-1D5FFCF571AD}.Release|Any CPU.Build.0 = Release|Any CPU
		{34205521-ADDD-4C05-94DE-1D5FFCF571AD}.Release|x64.ActiveCfg = Release|Any CPU
		{34205521-ADDD-4C05-94DE-1D5FFCF571AD}.Release|x64.Build.0 = Release|Any CPU
		{34205521-ADDD-4C05-94DE-1D5FFCF571AD}.Release|x86.ActiveCfg = Release|Any CPU
		{34205521-ADDD-4C05-94DE-1D5FFCF571AD}.Release|x86.Build.0 = Release|Any CPU
		{2E7C6472-8379-4AD5-BCFD-C636177514BA}.Debug|Any CPU.ActiveCfg = Debug|Any CPU
		{2E7C6472-8379-4AD5-BCFD-C636177514BA}.Debug|Any CPU.Build.0 = Debug|Any CPU
		{2E7C6472-8379-4AD5-BCFD-C636177514BA}.Debug|x64.ActiveCfg = Debug|Any CPU
		{2E7C6472-8379-4AD5-BCFD-C636177514BA}.Debug|x64.Build.0 = Debug|Any CPU
		{2E7C6472-8379-4AD5-BCFD-C636177514BA}.Debug|x86.ActiveCfg = Debug|Any CPU
		{2E7C6472-8379-4AD5-BCFD-C636177514BA}.Debug|x86.Build.0 = Debug|Any CPU
		{2E7C6472-8379-4AD5-BCFD-C636177514BA}.Release|Any CPU.ActiveCfg = Release|Any CPU
		{2E7C6472-8379-4AD5-BCFD-C636177514BA}.Release|Any CPU.Build.0 = Release|Any CPU
		{2E7C6472-8379-4AD5-BCFD-C636177514BA}.Release|x64.ActiveCfg = Release|Any CPU
		{2E7C6472-8379-4AD5-BCFD-C636177514BA}.Release|x64.Build.0 = Release|Any CPU
		{2E7C6472-8379-4AD5-BCFD-C636177514BA}.Release|x86.ActiveCfg = Release|Any CPU
		{2E7C6472-8379-4AD5-BCFD-C636177514BA}.Release|x86.Build.0 = Release|Any CPU
		{C6E020DC-8842-4E40-BF15-62AE47E16633}.Debug|Any CPU.ActiveCfg = Debug|Any CPU
		{C6E020DC-8842-4E40-BF15-62AE47E16633}.Debug|Any CPU.Build.0 = Debug|Any CPU
		{C6E020DC-8842-4E40-BF15-62AE47E16633}.Debug|x64.ActiveCfg = Debug|Any CPU
		{C6E020DC-8842-4E40-BF15-62AE47E16633}.Debug|x64.Build.0 = Debug|Any CPU
		{C6E020DC-8842-4E40-BF15-62AE47E16633}.Debug|x86.ActiveCfg = Debug|Any CPU
		{C6E020DC-8842-4E40-BF15-62AE47E16633}.Debug|x86.Build.0 = Debug|Any CPU
		{C6E020DC-8842-4E40-BF15-62AE47E16633}.Release|Any CPU.ActiveCfg = Release|Any CPU
		{C6E020DC-8842-4E40-BF15-62AE47E16633}.Release|Any CPU.Build.0 = Release|Any CPU
		{C6E020DC-8842-4E40-BF15-62AE47E16633}.Release|x64.ActiveCfg = Release|Any CPU
		{C6E020DC-8842-4E40-BF15-62AE47E16633}.Release|x64.Build.0 = Release|Any CPU
		{C6E020DC-8842-4E40-BF15-62AE47E16633}.Release|x86.ActiveCfg = Release|Any CPU
		{C6E020DC-8842-4E40-BF15-62AE47E16633}.Release|x86.Build.0 = Release|Any CPU
		{1EB57C9A-3C17-4851-A794-390B5B41409F}.Debug|Any CPU.ActiveCfg = Debug|Any CPU
		{1EB57C9A-3C17-4851-A794-390B5B41409F}.Debug|Any CPU.Build.0 = Debug|Any CPU
		{1EB57C9A-3C17-4851-A794-390B5B41409F}.Debug|x64.ActiveCfg = Debug|Any CPU
		{1EB57C9A-3C17-4851-A794-390B5B41409F}.Debug|x64.Build.0 = Debug|Any CPU
		{1EB57C9A-3C17-4851-A794-390B5B41409F}.Debug|x86.ActiveCfg = Debug|Any CPU
		{1EB57C9A-3C17-4851-A794-390B5B41409F}.Debug|x86.Build.0 = Debug|Any CPU
		{1EB57C9A-3C17-4851-A794-390B5B41409F}.Release|Any CPU.ActiveCfg = Release|Any CPU
		{1EB57C9A-3C17-4851-A794-390B5B41409F}.Release|Any CPU.Build.0 = Release|Any CPU
		{1EB57C9A-3C17-4851-A794-390B5B41409F}.Release|x64.ActiveCfg = Release|Any CPU
		{1EB57C9A-3C17-4851-A794-390B5B41409F}.Release|x64.Build.0 = Release|Any CPU
		{1EB57C9A-3C17-4851-A794-390B5B41409F}.Release|x86.ActiveCfg = Release|Any CPU
		{1EB57C9A-3C17-4851-A794-390B5B41409F}.Release|x86.Build.0 = Release|Any CPU
		{2AD5D079-257D-4AC4-BEA8-BF252DC687D8}.Debug|Any CPU.ActiveCfg = Debug|Any CPU
		{2AD5D079-257D-4AC4-BEA8-BF252DC687D8}.Debug|Any CPU.Build.0 = Debug|Any CPU
		{2AD5D079-257D-4AC4-BEA8-BF252DC687D8}.Debug|x64.ActiveCfg = Debug|Any CPU
		{2AD5D079-257D-4AC4-BEA8-BF252DC687D8}.Debug|x64.Build.0 = Debug|Any CPU
		{2AD5D079-257D-4AC4-BEA8-BF252DC687D8}.Debug|x86.ActiveCfg = Debug|Any CPU
		{2AD5D079-257D-4AC4-BEA8-BF252DC687D8}.Debug|x86.Build.0 = Debug|Any CPU
		{2AD5D079-257D-4AC4-BEA8-BF252DC687D8}.Release|Any CPU.ActiveCfg = Release|Any CPU
		{2AD5D079-257D-4AC4-BEA8-BF252DC687D8}.Release|Any CPU.Build.0 = Release|Any CPU
		{2AD5D079-257D-4AC4-BEA8-BF252DC687D8}.Release|x64.ActiveCfg = Release|Any CPU
		{2AD5D079-257D-4AC4-BEA8-BF252DC687D8}.Release|x64.Build.0 = Release|Any CPU
		{2AD5D079-257D-4AC4-BEA8-BF252DC687D8}.Release|x86.ActiveCfg = Release|Any CPU
		{2AD5D079-257D-4AC4-BEA8-BF252DC687D8}.Release|x86.Build.0 = Release|Any CPU
		{71FD165D-C7D1-40AD-8EE7-6A7BFC2836C0}.Debug|Any CPU.ActiveCfg = Debug|Any CPU
		{71FD165D-C7D1-40AD-8EE7-6A7BFC2836C0}.Debug|Any CPU.Build.0 = Debug|Any CPU
		{71FD165D-C7D1-40AD-8EE7-6A7BFC2836C0}.Debug|x64.ActiveCfg = Debug|Any CPU
		{71FD165D-C7D1-40AD-8EE7-6A7BFC2836C0}.Debug|x64.Build.0 = Debug|Any CPU
		{71FD165D-C7D1-40AD-8EE7-6A7BFC2836C0}.Debug|x86.ActiveCfg = Debug|Any CPU
		{71FD165D-C7D1-40AD-8EE7-6A7BFC2836C0}.Debug|x86.Build.0 = Debug|Any CPU
		{71FD165D-C7D1-40AD-8EE7-6A7BFC2836C0}.Release|Any CPU.ActiveCfg = Release|Any CPU
		{71FD165D-C7D1-40AD-8EE7-6A7BFC2836C0}.Release|Any CPU.Build.0 = Release|Any CPU
		{71FD165D-C7D1-40AD-8EE7-6A7BFC2836C0}.Release|x64.ActiveCfg = Release|Any CPU
		{71FD165D-C7D1-40AD-8EE7-6A7BFC2836C0}.Release|x64.Build.0 = Release|Any CPU
		{71FD165D-C7D1-40AD-8EE7-6A7BFC2836C0}.Release|x86.ActiveCfg = Release|Any CPU
		{71FD165D-C7D1-40AD-8EE7-6A7BFC2836C0}.Release|x86.Build.0 = Release|Any CPU
		{462B1E7F-5748-4B9F-BFF3-7AD8B6776F07}.Debug|Any CPU.ActiveCfg = Debug|Any CPU
		{462B1E7F-5748-4B9F-BFF3-7AD8B6776F07}.Debug|Any CPU.Build.0 = Debug|Any CPU
		{462B1E7F-5748-4B9F-BFF3-7AD8B6776F07}.Debug|x64.ActiveCfg = Debug|Any CPU
		{462B1E7F-5748-4B9F-BFF3-7AD8B6776F07}.Debug|x64.Build.0 = Debug|Any CPU
		{462B1E7F-5748-4B9F-BFF3-7AD8B6776F07}.Debug|x86.ActiveCfg = Debug|Any CPU
		{462B1E7F-5748-4B9F-BFF3-7AD8B6776F07}.Debug|x86.Build.0 = Debug|Any CPU
		{462B1E7F-5748-4B9F-BFF3-7AD8B6776F07}.Release|Any CPU.ActiveCfg = Release|Any CPU
		{462B1E7F-5748-4B9F-BFF3-7AD8B6776F07}.Release|Any CPU.Build.0 = Release|Any CPU
		{462B1E7F-5748-4B9F-BFF3-7AD8B6776F07}.Release|x64.ActiveCfg = Release|Any CPU
		{462B1E7F-5748-4B9F-BFF3-7AD8B6776F07}.Release|x64.Build.0 = Release|Any CPU
		{462B1E7F-5748-4B9F-BFF3-7AD8B6776F07}.Release|x86.ActiveCfg = Release|Any CPU
		{462B1E7F-5748-4B9F-BFF3-7AD8B6776F07}.Release|x86.Build.0 = Release|Any CPU
		{9089C512-56AA-4930-9162-5187342336FA}.Debug|Any CPU.ActiveCfg = Debug|Any CPU
		{9089C512-56AA-4930-9162-5187342336FA}.Debug|Any CPU.Build.0 = Debug|Any CPU
		{9089C512-56AA-4930-9162-5187342336FA}.Debug|x64.ActiveCfg = Debug|Any CPU
		{9089C512-56AA-4930-9162-5187342336FA}.Debug|x64.Build.0 = Debug|Any CPU
		{9089C512-56AA-4930-9162-5187342336FA}.Debug|x86.ActiveCfg = Debug|Any CPU
		{9089C512-56AA-4930-9162-5187342336FA}.Debug|x86.Build.0 = Debug|Any CPU
		{9089C512-56AA-4930-9162-5187342336FA}.Release|Any CPU.ActiveCfg = Release|Any CPU
		{9089C512-56AA-4930-9162-5187342336FA}.Release|Any CPU.Build.0 = Release|Any CPU
		{9089C512-56AA-4930-9162-5187342336FA}.Release|x64.ActiveCfg = Release|Any CPU
		{9089C512-56AA-4930-9162-5187342336FA}.Release|x64.Build.0 = Release|Any CPU
		{9089C512-56AA-4930-9162-5187342336FA}.Release|x86.ActiveCfg = Release|Any CPU
		{9089C512-56AA-4930-9162-5187342336FA}.Release|x86.Build.0 = Release|Any CPU
		{719CD8BF-26AB-4A60-9223-9877A1401269}.Debug|Any CPU.ActiveCfg = Debug|Any CPU
		{719CD8BF-26AB-4A60-9223-9877A1401269}.Debug|Any CPU.Build.0 = Debug|Any CPU
		{719CD8BF-26AB-4A60-9223-9877A1401269}.Debug|x64.ActiveCfg = Debug|Any CPU
		{719CD8BF-26AB-4A60-9223-9877A1401269}.Debug|x64.Build.0 = Debug|Any CPU
		{719CD8BF-26AB-4A60-9223-9877A1401269}.Debug|x86.ActiveCfg = Debug|Any CPU
		{719CD8BF-26AB-4A60-9223-9877A1401269}.Debug|x86.Build.0 = Debug|Any CPU
		{719CD8BF-26AB-4A60-9223-9877A1401269}.Release|Any CPU.ActiveCfg = Release|Any CPU
		{719CD8BF-26AB-4A60-9223-9877A1401269}.Release|Any CPU.Build.0 = Release|Any CPU
		{719CD8BF-26AB-4A60-9223-9877A1401269}.Release|x64.ActiveCfg = Release|Any CPU
		{719CD8BF-26AB-4A60-9223-9877A1401269}.Release|x64.Build.0 = Release|Any CPU
		{719CD8BF-26AB-4A60-9223-9877A1401269}.Release|x86.ActiveCfg = Release|Any CPU
		{719CD8BF-26AB-4A60-9223-9877A1401269}.Release|x86.Build.0 = Release|Any CPU
		{B5481E1D-3C5E-4F07-A509-74F7331CB9B6}.Debug|Any CPU.ActiveCfg = Debug|Any CPU
		{B5481E1D-3C5E-4F07-A509-74F7331CB9B6}.Debug|Any CPU.Build.0 = Debug|Any CPU
		{B5481E1D-3C5E-4F07-A509-74F7331CB9B6}.Debug|x64.ActiveCfg = Debug|Any CPU
		{B5481E1D-3C5E-4F07-A509-74F7331CB9B6}.Debug|x64.Build.0 = Debug|Any CPU
		{B5481E1D-3C5E-4F07-A509-74F7331CB9B6}.Debug|x86.ActiveCfg = Debug|Any CPU
		{B5481E1D-3C5E-4F07-A509-74F7331CB9B6}.Debug|x86.Build.0 = Debug|Any CPU
		{B5481E1D-3C5E-4F07-A509-74F7331CB9B6}.Release|Any CPU.ActiveCfg = Release|Any CPU
		{B5481E1D-3C5E-4F07-A509-74F7331CB9B6}.Release|Any CPU.Build.0 = Release|Any CPU
		{B5481E1D-3C5E-4F07-A509-74F7331CB9B6}.Release|x64.ActiveCfg = Release|Any CPU
		{B5481E1D-3C5E-4F07-A509-74F7331CB9B6}.Release|x64.Build.0 = Release|Any CPU
		{B5481E1D-3C5E-4F07-A509-74F7331CB9B6}.Release|x86.ActiveCfg = Release|Any CPU
		{B5481E1D-3C5E-4F07-A509-74F7331CB9B6}.Release|x86.Build.0 = Release|Any CPU
	EndGlobalSection
	GlobalSection(SolutionProperties) = preSolution
		HideSolutionNode = FALSE
	EndGlobalSection
	GlobalSection(NestedProjects) = preSolution
		{8B290487-4C16-E85E-E807-F579CBE9FC4D} = {827E0CD3-B72D-47B6-A68D-7590B98EB39B}
		{34205521-ADDD-4C05-94DE-1D5FFCF571AD} = {8B290487-4C16-E85E-E807-F579CBE9FC4D}
		{2E7C6472-8379-4AD5-BCFD-C636177514BA} = {8B290487-4C16-E85E-E807-F579CBE9FC4D}
		{C6E020DC-8842-4E40-BF15-62AE47E16633} = {8B290487-4C16-E85E-E807-F579CBE9FC4D}
		{1EB57C9A-3C17-4851-A794-390B5B41409F} = {8B290487-4C16-E85E-E807-F579CBE9FC4D}
		{2AD5D079-257D-4AC4-BEA8-BF252DC687D8} = {8B290487-4C16-E85E-E807-F579CBE9FC4D}
		{22BAF98C-8415-17C4-B26A-D537657BC863} = {827E0CD3-B72D-47B6-A68D-7590B98EB39B}
		{9048EB7F-3875-A59E-E36B-5BD4C6F2A282} = {827E0CD3-B72D-47B6-A68D-7590B98EB39B}
		{6996BBF7-DB31-59BC-C7DD-9A7CCC6138C4} = {827E0CD3-B72D-47B6-A68D-7590B98EB39B}
		{71FD165D-C7D1-40AD-8EE7-6A7BFC2836C0} = {6996BBF7-DB31-59BC-C7DD-9A7CCC6138C4}
		{462B1E7F-5748-4B9F-BFF3-7AD8B6776F07} = {0AB3BF05-4346-4AA6-1389-037BE0695223}
		{9089C512-56AA-4930-9162-5187342336FA} = {0AB3BF05-4346-4AA6-1389-037BE0695223}
		{719CD8BF-26AB-4A60-9223-9877A1401269} = {0AB3BF05-4346-4AA6-1389-037BE0695223}
		{52BF7FB6-37FF-5100-EFD1-124EFF302675} = {827E0CD3-B72D-47B6-A68D-7590B98EB39B}
		{B5481E1D-3C5E-4F07-A509-74F7331CB9B6} = {52BF7FB6-37FF-5100-EFD1-124EFF302675}
	EndGlobalSection
EndGlobal
